
Microsoft Visual Studio Solution File, Format Version 12.00
# Visual Studio Version 17
VisualStudioVersion = 17.8.34511.84
MinimumVisualStudioVersion = 10.0.40219.1
Project("{FAE04EC0-301F-11D3-BF4B-00C04F79EFBC}") = "ShapeSquareCalculator", "ShapeSquareCalculator\ShapeSquareCalculator.csproj", "{A3A9720B-4E87-41BF-880E-5B642B51782D}"
EndProject
Project("{FAE04EC0-301F-11D3-BF4B-00C04F79EFBC}") = "ShapeArea", "ShapeArea\ShapeArea.csproj", "{5CBFE7A6-7790-4E3A-9CEE-EDCAD4716283}"
EndProject
Project("{FAE04EC0-301F-11D3-BF4B-00C04F79EFBC}") = "Tests", "Tests\Tests.csproj", "{F4508827-7561-4998-9EB1-38BCEDF8A845}"
EndProject
Global
	GlobalSection(SolutionConfigurationPlatforms) = preSolution
		Debug|Any CPU = Debug|Any CPU
		Release|Any CPU = Release|Any CPU
	EndGlobalSection
	GlobalSection(ProjectConfigurationPlatforms) = postSolution
		{A3A9720B-4E87-41BF-880E-5B642B51782D}.Debug|Any CPU.ActiveCfg = Debug|Any CPU
		{A3A9720B-4E87-41BF-880E-5B642B51782D}.Debug|Any CPU.Build.0 = Debug|Any CPU
		{A3A9720B-4E87-41BF-880E-5B642B51782D}.Release|Any CPU.ActiveCfg = Release|Any CPU
		{A3A9720B-4E87-41BF-880E-5B642B51782D}.Release|Any CPU.Build.0 = Release|Any CPU
		{5CBFE7A6-7790-4E3A-9CEE-EDCAD4716283}.Debug|Any CPU.ActiveCfg = Debug|Any CPU
		{5CBFE7A6-7790-4E3A-9CEE-EDCAD4716283}.Debug|Any CPU.Build.0 = Debug|Any CPU
		{5CBFE7A6-7790-4E3A-9CEE-EDCAD4716283}.Release|Any CPU.ActiveCfg = Release|Any CPU
		{5CBFE7A6-7790-4E3A-9CEE-EDCAD4716283}.Release|Any CPU.Build.0 = Release|Any CPU
		{F4508827-7561-4998-9EB1-38BCEDF8A845}.Debug|Any CPU.ActiveCfg = Debug|Any CPU
		{F4508827-7561-4998-9EB1-38BCEDF8A845}.Debug|Any CPU.Build.0 = Debug|Any CPU
		{F4508827-7561-4998-9EB1-38BCEDF8A845}.Release|Any CPU.ActiveCfg = Release|Any CPU
		{F4508827-7561-4998-9EB1-38BCEDF8A845}.Release|Any CPU.Build.0 = Release|Any CPU
	EndGlobalSection
	GlobalSection(SolutionProperties) = preSolution
		HideSolutionNode = FALSE
	EndGlobalSection
	GlobalSection(ExtensibilityGlobals) = postSolution
		SolutionGuid = {87FE4FCF-DDD0-4D5D-B0CB-12EA2147E92A}
	EndGlobalSection
EndGlobal
